
Microsoft Visual Studio Solution File, Format Version 12.00
# Visual Studio Version 17
VisualStudioVersion = 17.12.35527.113
MinimumVisualStudioVersion = 10.0.40219.1
Project("{FAE04EC0-301F-11D3-BF4B-00C04F79EFBC}") = "Homework1_Restaurant", "Homework1_Restaurant\Homework1_Restaurant.csproj", "{6DCA48FA-B6C4-427D-B344-7DA0E6283AF0}"
EndProject
Project("{FAE04EC0-301F-11D3-BF4B-00C04F79EFBC}") = "Classwork_ConsoleApp", "Classwork_ConsoleApp\Classwork_ConsoleApp.csproj", "{B0ED0C90-5454-416C-84E1-D16128F1A79C}"
EndProject
Project("{FAE04EC0-301F-11D3-BF4B-00C04F79EFBC}") = "Homework2_DependencyInjection", "Homework2_DependencyInjection\Homework2_DependencyInjection.csproj", "{848944C3-F6FD-44C0-9F8A-7229325ECB62}"
EndProject
Project("{FAE04EC0-301F-11D3-BF4B-00C04F79EFBC}") = "Homework3_Razor", "Homework3_Razor\Homework3_Razor.csproj", "{424B0494-96AE-4284-9E2C-B523FCCA1D24}"
EndProject
Project("{FAE04EC0-301F-11D3-BF4B-00C04F79EFBC}") = "App_ToDoList", "App_ToDoList\App_ToDoList.csproj", "{4A6447A0-675C-4533-97EB-ABD1E0A10E15}"
EndProject
Project("{FAE04EC0-301F-11D3-BF4B-00C04F79EFBC}") = "Homework4_Area", "Homework4_Area\Homework4_Area.csproj", "{EBA49FC9-BE61-4D18-B0B6-26DA122F2AB8}"
EndProject
Project("{FAE04EC0-301F-11D3-BF4B-00C04F79EFBC}") = "Homework5_MVC", "Homework5_MVC\Homework5_MVC.csproj", "{6A1F0DC6-6F3B-4C0D-8EE6-BA47F8E27DC0}"
EndProject
Global
	GlobalSection(SolutionConfigurationPlatforms) = preSolution
		Debug|Any CPU = Debug|Any CPU
		Release|Any CPU = Release|Any CPU
	EndGlobalSection
	GlobalSection(ProjectConfigurationPlatforms) = postSolution
		{6DCA48FA-B6C4-427D-B344-7DA0E6283AF0}.Debug|Any CPU.ActiveCfg = Debug|Any CPU
		{6DCA48FA-B6C4-427D-B344-7DA0E6283AF0}.Debug|Any CPU.Build.0 = Debug|Any CPU
		{6DCA48FA-B6C4-427D-B344-7DA0E6283AF0}.Release|Any CPU.ActiveCfg = Release|Any CPU
		{6DCA48FA-B6C4-427D-B344-7DA0E6283AF0}.Release|Any CPU.Build.0 = Release|Any CPU
		{B0ED0C90-5454-416C-84E1-D16128F1A79C}.Debug|Any CPU.ActiveCfg = Debug|Any CPU
		{B0ED0C90-5454-416C-84E1-D16128F1A79C}.Debug|Any CPU.Build.0 = Debug|Any CPU
		{B0ED0C90-5454-416C-84E1-D16128F1A79C}.Release|Any CPU.ActiveCfg = Release|Any CPU
		{B0ED0C90-5454-416C-84E1-D16128F1A79C}.Release|Any CPU.Build.0 = Release|Any CPU
		{848944C3-F6FD-44C0-9F8A-7229325ECB62}.Debug|Any CPU.ActiveCfg = Debug|Any CPU
		{848944C3-F6FD-44C0-9F8A-7229325ECB62}.Debug|Any CPU.Build.0 = Debug|Any CPU
		{848944C3-F6FD-44C0-9F8A-7229325ECB62}.Release|Any CPU.ActiveCfg = Release|Any CPU
		{848944C3-F6FD-44C0-9F8A-7229325ECB62}.Release|Any CPU.Build.0 = Release|Any CPU
		{424B0494-96AE-4284-9E2C-B523FCCA1D24}.Debug|Any CPU.ActiveCfg = Debug|Any CPU
		{424B0494-96AE-4284-9E2C-B523FCCA1D24}.Debug|Any CPU.Build.0 = Debug|Any CPU
		{424B0494-96AE-4284-9E2C-B523FCCA1D24}.Release|Any CPU.ActiveCfg = Release|Any CPU
		{424B0494-96AE-4284-9E2C-B523FCCA1D24}.Release|Any CPU.Build.0 = Release|Any CPU
		{4A6447A0-675C-4533-97EB-ABD1E0A10E15}.Debug|Any CPU.ActiveCfg = Debug|Any CPU
		{4A6447A0-675C-4533-97EB-ABD1E0A10E15}.Debug|Any CPU.Build.0 = Debug|Any CPU
		{4A6447A0-675C-4533-97EB-ABD1E0A10E15}.Release|Any CPU.ActiveCfg = Release|Any CPU
		{4A6447A0-675C-4533-97EB-ABD1E0A10E15}.Release|Any CPU.Build.0 = Release|Any CPU
		{EBA49FC9-BE61-4D18-B0B6-26DA122F2AB8}.Debug|Any CPU.ActiveCfg = Debug|Any CPU
		{EBA49FC9-BE61-4D18-B0B6-26DA122F2AB8}.Debug|Any CPU.Build.0 = Debug|Any CPU
		{EBA49FC9-BE61-4D18-B0B6-26DA122F2AB8}.Release|Any CPU.ActiveCfg = Release|Any CPU
		{EBA49FC9-BE61-4D18-B0B6-26DA122F2AB8}.Release|Any CPU.Build.0 = Release|Any CPU
		{6A1F0DC6-6F3B-4C0D-8EE6-BA47F8E27DC0}.Debug|Any CPU.ActiveCfg = Debug|Any CPU
		{6A1F0DC6-6F3B-4C0D-8EE6-BA47F8E27DC0}.Debug|Any CPU.Build.0 = Debug|Any CPU
		{6A1F0DC6-6F3B-4C0D-8EE6-BA47F8E27DC0}.Release|Any CPU.ActiveCfg = Release|Any CPU
		{6A1F0DC6-6F3B-4C0D-8EE6-BA47F8E27DC0}.Release|Any CPU.Build.0 = Release|Any CPU
	EndGlobalSection
	GlobalSection(SolutionProperties) = preSolution
		HideSolutionNode = FALSE
	EndGlobalSection
EndGlobal
